
Microsoft Visual Studio Solution File, Format Version 12.00
# Visual Studio Express 2013 for Web
VisualStudioVersion = 12.0.31101.0
MinimumVisualStudioVersion = 10.0.40219.1
Project("{FAE04EC0-301F-11D3-BF4B-00C04F79EFBC}") = "DebuggingDemo", "DebuggingDemo\DebuggingDemo.csproj", "{7F314787-8851-4936-B51B-3EE5F4FC0733}"
EndProject
Project("{FAE04EC0-301F-11D3-BF4B-00C04F79EFBC}") = "DebuggingDemo.Tests", "DebuggingDemo.Tests\DebuggingDemo.Tests.csproj", "{A71DB050-6FDD-43DD-B7DD-F65996DAA759}"
EndProject
Global
	GlobalSection(SolutionConfigurationPlatforms) = preSolution
		Debug|Any CPU = Debug|Any CPU
		Release|Any CPU = Release|Any CPU
	EndGlobalSection
	GlobalSection(ProjectConfigurationPlatforms) = postSolution
		{7F314787-8851-4936-B51B-3EE5F4FC0733}.Debug|Any CPU.ActiveCfg = Debug|Any CPU
		{7F314787-8851-4936-B51B-3EE5F4FC0733}.Debug|Any CPU.Build.0 = Debug|Any CPU
		{7F314787-8851-4936-B51B-3EE5F4FC0733}.Release|Any CPU.ActiveCfg = Release|Any CPU
		{7F314787-8851-4936-B51B-3EE5F4FC0733}.Release|Any CPU.Build.0 = Release|Any CPU
		{A71DB050-6FDD-43DD-B7DD-F65996DAA759}.Debug|Any CPU.ActiveCfg = Debug|Any CPU
		{A71DB050-6FDD-43DD-B7DD-F65996DAA759}.Debug|Any CPU.Build.0 = Debug|Any CPU
		{A71DB050-6FDD-43DD-B7DD-F65996DAA759}.Release|Any CPU.ActiveCfg = Release|Any CPU
		{A71DB050-6FDD-43DD-B7DD-F65996DAA759}.Release|Any CPU.Build.0 = Release|Any CPU
	EndGlobalSection
	GlobalSection(SolutionProperties) = preSolution
		HideSolutionNode = FALSE
	EndGlobalSection
EndGlobal
