
Microsoft Visual Studio Solution File, Format Version 12.00
# Visual Studio Express 2013 for Web
VisualStudioVersion = 12.0.31101.0
MinimumVisualStudioVersion = 10.0.40219.1
Project("{FAE04EC0-301F-11D3-BF4B-00C04F79EFBC}") = "UrlsAndRoutes", "UrlsAndRoutes\UrlsAndRoutes.csproj", "{A94A6CCB-D903-4CF6-A441-85CE76877295}"
EndProject
Project("{FAE04EC0-301F-11D3-BF4B-00C04F79EFBC}") = "UrlsAndRoutes.Tests", "UrlsAndRoutes.Tests\UrlsAndRoutes.Tests.csproj", "{DB8421D0-0B05-4529-93D7-6A4D13E7671A}"
EndProject
Global
	GlobalSection(SolutionConfigurationPlatforms) = preSolution
		Debug|Any CPU = Debug|Any CPU
		Release|Any CPU = Release|Any CPU
	EndGlobalSection
	GlobalSection(ProjectConfigurationPlatforms) = postSolution
		{A94A6CCB-D903-4CF6-A441-85CE76877295}.Debug|Any CPU.ActiveCfg = Debug|Any CPU
		{A94A6CCB-D903-4CF6-A441-85CE76877295}.Debug|Any CPU.Build.0 = Debug|Any CPU
		{A94A6CCB-D903-4CF6-A441-85CE76877295}.Release|Any CPU.ActiveCfg = Release|Any CPU
		{A94A6CCB-D903-4CF6-A441-85CE76877295}.Release|Any CPU.Build.0 = Release|Any CPU
		{DB8421D0-0B05-4529-93D7-6A4D13E7671A}.Debug|Any CPU.ActiveCfg = Debug|Any CPU
		{DB8421D0-0B05-4529-93D7-6A4D13E7671A}.Debug|Any CPU.Build.0 = Debug|Any CPU
		{DB8421D0-0B05-4529-93D7-6A4D13E7671A}.Release|Any CPU.ActiveCfg = Release|Any CPU
		{DB8421D0-0B05-4529-93D7-6A4D13E7671A}.Release|Any CPU.Build.0 = Release|Any CPU
	EndGlobalSection
	GlobalSection(SolutionProperties) = preSolution
		HideSolutionNode = FALSE
	EndGlobalSection
EndGlobal
