
Microsoft Visual Studio Solution File, Format Version 12.00
# Visual Studio Express 2013 for Web
VisualStudioVersion = 12.0.31101.0
MinimumVisualStudioVersion = 10.0.40219.1
Project("{FAE04EC0-301F-11D3-BF4B-00C04F79EFBC}") = "ControllerExtensibility", "ControllerExtensibility\ControllerExtensibility.csproj", "{CB06F318-CF20-4960-BB9F-6F2D10C8BC44}"
EndProject
Project("{FAE04EC0-301F-11D3-BF4B-00C04F79EFBC}") = "ControllerExtensibility.Tests", "ControllerExtensibility.Tests\ControllerExtensibility.Tests.csproj", "{FE934D8F-72E2-4114-A11D-C9532FAAF8E1}"
EndProject
Global
	GlobalSection(SolutionConfigurationPlatforms) = preSolution
		Debug|Any CPU = Debug|Any CPU
		Release|Any CPU = Release|Any CPU
	EndGlobalSection
	GlobalSection(ProjectConfigurationPlatforms) = postSolution
		{CB06F318-CF20-4960-BB9F-6F2D10C8BC44}.Debug|Any CPU.ActiveCfg = Debug|Any CPU
		{CB06F318-CF20-4960-BB9F-6F2D10C8BC44}.Debug|Any CPU.Build.0 = Debug|Any CPU
		{CB06F318-CF20-4960-BB9F-6F2D10C8BC44}.Release|Any CPU.ActiveCfg = Release|Any CPU
		{CB06F318-CF20-4960-BB9F-6F2D10C8BC44}.Release|Any CPU.Build.0 = Release|Any CPU
		{FE934D8F-72E2-4114-A11D-C9532FAAF8E1}.Debug|Any CPU.ActiveCfg = Debug|Any CPU
		{FE934D8F-72E2-4114-A11D-C9532FAAF8E1}.Debug|Any CPU.Build.0 = Debug|Any CPU
		{FE934D8F-72E2-4114-A11D-C9532FAAF8E1}.Release|Any CPU.ActiveCfg = Release|Any CPU
		{FE934D8F-72E2-4114-A11D-C9532FAAF8E1}.Release|Any CPU.Build.0 = Release|Any CPU
	EndGlobalSection
	GlobalSection(SolutionProperties) = preSolution
		HideSolutionNode = FALSE
	EndGlobalSection
EndGlobal
